
Microsoft Visual Studio Solution File, Format Version 12.00
# Visual Studio 2017
Project("{FAE04EC0-301F-11D3-BF4B-00C04F79EFBC}") = "Brackeys Multiplayer FPS.Plugins", "Brackeys Multiplayer FPS.Plugins.csproj", "{EA05B541-5AFC-6478-57F2-921D2E44A476}"
EndProject
Project("{FAE04EC0-301F-11D3-BF4B-00C04F79EFBC}") = "Brackeys Multiplayer FPS", "Brackeys Multiplayer FPS.csproj", "{2FC59984-106A-BE7A-93B5-AF722F3C5911}"
EndProject
Project("{FAE04EC0-301F-11D3-BF4B-00C04F79EFBC}") = "Brackeys Multiplayer FPS.Editor.Plugins", "Brackeys Multiplayer FPS.Editor.Plugins.csproj", "{BD0DD9B5-9D6F-660B-90B3-062EBA3A48C1}"
EndProject
Global
	GlobalSection(SolutionConfigurationPlatforms) = preSolution
		Debug|Any CPU = Debug|Any CPU
		Release|Any CPU = Release|Any CPU
	EndGlobalSection
	GlobalSection(ProjectConfigurationPlatforms) = postSolution
		{EA05B541-5AFC-6478-57F2-921D2E44A476}.Debug|Any CPU.ActiveCfg = Debug|Any CPU
		{EA05B541-5AFC-6478-57F2-921D2E44A476}.Debug|Any CPU.Build.0 = Debug|Any CPU
		{EA05B541-5AFC-6478-57F2-921D2E44A476}.Release|Any CPU.ActiveCfg = Release|Any CPU
		{EA05B541-5AFC-6478-57F2-921D2E44A476}.Release|Any CPU.Build.0 = Release|Any CPU
		{2FC59984-106A-BE7A-93B5-AF722F3C5911}.Debug|Any CPU.ActiveCfg = Debug|Any CPU
		{2FC59984-106A-BE7A-93B5-AF722F3C5911}.Debug|Any CPU.Build.0 = Debug|Any CPU
		{2FC59984-106A-BE7A-93B5-AF722F3C5911}.Release|Any CPU.ActiveCfg = Release|Any CPU
		{2FC59984-106A-BE7A-93B5-AF722F3C5911}.Release|Any CPU.Build.0 = Release|Any CPU
		{BD0DD9B5-9D6F-660B-90B3-062EBA3A48C1}.Debug|Any CPU.ActiveCfg = Debug|Any CPU
		{BD0DD9B5-9D6F-660B-90B3-062EBA3A48C1}.Debug|Any CPU.Build.0 = Debug|Any CPU
		{BD0DD9B5-9D6F-660B-90B3-062EBA3A48C1}.Release|Any CPU.ActiveCfg = Release|Any CPU
		{BD0DD9B5-9D6F-660B-90B3-062EBA3A48C1}.Release|Any CPU.Build.0 = Release|Any CPU
	EndGlobalSection
	GlobalSection(SolutionProperties) = preSolution
		HideSolutionNode = FALSE
	EndGlobalSection
EndGlobal
